// !$*UTF8*$!
{
	archiveVersion = 1;
	classes = {
	};
	objectVersion = 46;
	objects = {

/* Begin PBXBuildFile section */
		776A1E6EB89767D618ADCE7E /* libPods.a in Frameworks */ = {isa = PBXBuildFile; fileRef = 6E1834698B6A41E84F886CE5 /* libPods.a */; };
		B046D1A61CAA4F7200551FEF /* 1.jpg in Resources */ = {isa = PBXBuildFile; fileRef = B046D1A11CAA4F7200551FEF /* 1.jpg */; };
		B046D1A71CAA4F7200551FEF /* 2.jpg in Resources */ = {isa = PBXBuildFile; fileRef = B046D1A21CAA4F7200551FEF /* 2.jpg */; };
		B046D1A81CAA4F7200551FEF /* 3.jpg in Resources */ = {isa = PBXBuildFile; fileRef = B046D1A31CAA4F7200551FEF /* 3.jpg */; };
		B046D1A91CAA4F7200551FEF /* 4.jpg in Resources */ = {isa = PBXBuildFile; fileRef = B046D1A41CAA4F7200551FEF /* 4.jpg */; };
		B046D1AA1CAA4F7200551FEF /* 5.jpg in Resources */ = {isa = PBXBuildFile; fileRef = B046D1A51CAA4F7200551FEF /* 5.jpg */; };
		B046D1AD1CAA523100551FEF /* QuiteTableViewCell.m in Sources */ = {isa = PBXBuildFile; fileRef = B046D1AC1CAA523100551FEF /* QuiteTableViewCell.m */; };
		B046D1B01CAA54A200551FEF /* DesViewController.m in Sources */ = {isa = PBXBuildFile; fileRef = B046D1AF1CAA54A200551FEF /* DesViewController.m */; };
		B046D1B21CAA5BC000551FEF /* MediaPlayer.framework in Frameworks */ = {isa = PBXBuildFile; fileRef = B046D1B11CAA5BC000551FEF /* MediaPlayer.framework */; };
		B046D1B41CAA5D5700551FEF /* AVFoundation.framework in Frameworks */ = {isa = PBXBuildFile; fileRef = B046D1B31CAA5D5700551FEF /* AVFoundation.framework */; };
		B046D1B71CAA651200551FEF /* PlayerViewController.m in Sources */ = {isa = PBXBuildFile; fileRef = B046D1B61CAA651200551FEF /* PlayerViewController.m */; };
		B079164F1CA26B0F00FC19F2 /* CircleScrollView.m in Sources */ = {isa = PBXBuildFile; fileRef = B079164C1CA26B0F00FC19F2 /* CircleScrollView.m */; };
		B07916501CA26B0F00FC19F2 /* ImageContentView.m in Sources */ = {isa = PBXBuildFile; fileRef = B079164E1CA26B0F00FC19F2 /* ImageContentView.m */; };
		B07916561CA26F5D00FC19F2 /* XCTabBar.m in Sources */ = {isa = PBXBuildFile; fileRef = B07916531CA26F5D00FC19F2 /* XCTabBar.m */; };
		B07916571CA26F5D00FC19F2 /* XCTabBarButton.m in Sources */ = {isa = PBXBuildFile; fileRef = B07916551CA26F5D00FC19F2 /* XCTabBarButton.m */; };
		B079165A1CA26F8A00FC19F2 /* UIView+Extension.m in Sources */ = {isa = PBXBuildFile; fileRef = B07916591CA26F8A00FC19F2 /* UIView+Extension.m */; };
		B079165D1CA273D300FC19F2 /* MyView.m in Sources */ = {isa = PBXBuildFile; fileRef = B079165C1CA273D300FC19F2 /* MyView.m */; };
		B07916641CA2745D00FC19F2 /* QuietViewController.m in Sources */ = {isa = PBXBuildFile; fileRef = B07916631CA2745D00FC19F2 /* QuietViewController.m */; };
		B07916671CA2747800FC19F2 /* MoveViewController.m in Sources */ = {isa = PBXBuildFile; fileRef = B07916661CA2747800FC19F2 /* MoveViewController.m */; };
		B07916731CA28ACE00FC19F2 /* HomePageViewController.m in Sources */ = {isa = PBXBuildFile; fileRef = B07916711CA28ACE00FC19F2 /* HomePageViewController.m */; };
		B0D3B5E61CAA79D9006D00A3 /* CSS.css in Resources */ = {isa = PBXBuildFile; fileRef = B0D3B5E31CAA79D9006D00A3 /* CSS.css */; };
		B0D3B5E71CAA79D9006D00A3 /* Dev.html in Resources */ = {isa = PBXBuildFile; fileRef = B0D3B5E41CAA79D9006D00A3 /* Dev.html */; };
		B0D3B5E81CAA79D9006D00A3 /* QU.html in Resources */ = {isa = PBXBuildFile; fileRef = B0D3B5E51CAA79D9006D00A3 /* QU.html */; };
		B0D3B5EA1CAA7A1B006D00A3 /* index.html in Resources */ = {isa = PBXBuildFile; fileRef = B0D3B5E91CAA7A1B006D00A3 /* index.html */; };
		B0D3B5EE1CAA7AAC006D00A3 /* fazhan@2x.png in Resources */ = {isa = PBXBuildFile; fileRef = B0D3B5EB1CAA7AAC006D00A3 /* fazhan@2x.png */; };
		B0D3B5EF1CAA7AAC006D00A3 /* wenhua@2x.png in Resources */ = {isa = PBXBuildFile; fileRef = B0D3B5EC1CAA7AAC006D00A3 /* wenhua@2x.png */; };
		B0D3B5F01CAA7AAC006D00A3 /* wenhuquan@2x.png in Resources */ = {isa = PBXBuildFile; fileRef = B0D3B5ED1CAA7AAC006D00A3 /* wenhuquan@2x.png */; };
		B0D3B5FC1CAA7DFE006D00A3 /* caoshu.jpg in Resources */ = {isa = PBXBuildFile; fileRef = B0D3B5F41CAA7DFE006D00A3 /* caoshu.jpg */; };
		B0D3B5FD1CAA7DFE006D00A3 /* dazhuan.jpg in Resources */ = {isa = PBXBuildFile; fileRef = B0D3B5F51CAA7DFE006D00A3 /* dazhuan.jpg */; };
		B0D3B5FE1CAA7DFE006D00A3 /* jiaguwen.jpg in Resources */ = {isa = PBXBuildFile; fileRef = B0D3B5F61CAA7DFE006D00A3 /* jiaguwen.jpg */; };
		B0D3B5FF1CAA7DFE006D00A3 /* jin.jpg in Resources */ = {isa = PBXBuildFile; fileRef = B0D3B5F71CAA7DFE006D00A3 /* jin.jpg */; };
		B0D3B6001CAA7DFE006D00A3 /* kaishu.jpg in Resources */ = {isa = PBXBuildFile; fileRef = B0D3B5F81CAA7DFE006D00A3 /* kaishu.jpg */; };
		B0D3B6011CAA7DFE006D00A3 /* lishu.jpg in Resources */ = {isa = PBXBuildFile; fileRef = B0D3B5F91CAA7DFE006D00A3 /* lishu.jpg */; };
		B0D3B6021CAA7DFE006D00A3 /* xiaozhuan.jpg in Resources */ = {isa = PBXBuildFile; fileRef = B0D3B5FA1CAA7DFE006D00A3 /* xiaozhuan.jpg */; };
		B0D3B6031CAA7DFE006D00A3 /* xingshu.jpg in Resources */ = {isa = PBXBuildFile; fileRef = B0D3B5FB1CAA7DFE006D00A3 /* xingshu.jpg */; };
		B0D3B6141CAAAD1D006D00A3 /* 201310091618335272002.jpg in Resources */ = {isa = PBXBuildFile; fileRef = B0D3B6051CAAAD1D006D00A3 /* 201310091618335272002.jpg */; };
		B0D3B6151CAAAD1D006D00A3 /* 2315113440.png in Resources */ = {isa = PBXBuildFile; fileRef = B0D3B6061CAAAD1D006D00A3 /* 2315113440.png */; };
		B0D3B6161CAAAD1D006D00A3 /* 30_13165116886O41.jpg in Resources */ = {isa = PBXBuildFile; fileRef = B0D3B6071CAAAD1D006D00A3 /* 30_13165116886O41.jpg */; };
		B0D3B6171CAAAD1D006D00A3 /* 3428083741359272775.jpg in Resources */ = {isa = PBXBuildFile; fileRef = B0D3B6081CAAAD1D006D00A3 /* 3428083741359272775.jpg */; };
		B0D3B6181CAAAD1D006D00A3 /* 4506132902161028050.jpg in Resources */ = {isa = PBXBuildFile; fileRef = B0D3B6091CAAAD1D006D00A3 /* 4506132902161028050.jpg */; };
		B0D3B6191CAAAD1D006D00A3 /* 8616698_100231660000_2.jpg in Resources */ = {isa = PBXBuildFile; fileRef = B0D3B60A1CAAAD1D006D00A3 /* 8616698_100231660000_2.jpg */; };
		B0D3B61A1CAAAD1D006D00A3 /* DF3BCC4D5FF5C9FA082D088783E8083A.jpg in Resources */ = {isa = PBXBuildFile; fileRef = B0D3B60B1CAAAD1D006D00A3 /* DF3BCC4D5FF5C9FA082D088783E8083A.jpg */; };
		B0D3B61B1CAAAD1D006D00A3 /* HZWZ201206.jpg in Resources */ = {isa = PBXBuildFile; fileRef = B0D3B60C1CAAAD1D006D00A3 /* HZWZ201206.jpg */; };
		B0D3B61C1CAAAD1D006D00A3 /* U1756P52T4D134723F163DT20070417161636.jpg in Resources */ = {isa = PBXBuildFile; fileRef = B0D3B60D1CAAAD1D006D00A3 /* U1756P52T4D134723F163DT20070417161636.jpg */; };
		B0D3B61D1CAAAD1D006D00A3 /* 001Xd93Qgy6Wx8eDtqBcd&690.jpeg in Resources */ = {isa = PBXBuildFile; fileRef = B0D3B60F1CAAAD1D006D00A3 /* 001Xd93Qgy6Wx8eDtqBcd&690.jpeg */; };
		B0D3B61E1CAAAD1D006D00A3 /* 217878f0f736afc30ecc565db719ebc4b64512f8.jpg in Resources */ = {isa = PBXBuildFile; fileRef = B0D3B6101CAAAD1D006D00A3 /* 217878f0f736afc30ecc565db719ebc4b64512f8.jpg */; };
		B0D3B61F1CAAAD1D006D00A3 /* 8f11a5ec8a1363274d9ba4e2918fa0ec09fac73f.jpg in Resources */ = {isa = PBXBuildFile; fileRef = B0D3B6111CAAAD1D006D00A3 /* 8f11a5ec8a1363274d9ba4e2918fa0ec09fac73f.jpg */; };
		B0D3B6201CAAAD1D006D00A3 /* d42a2834349b033b235e177715ce36d3d439bd4d.jpg in Resources */ = {isa = PBXBuildFile; fileRef = B0D3B6121CAAAD1D006D00A3 /* d42a2834349b033b235e177715ce36d3d439bd4d.jpg */; };
		B0D3B6211CAAAD1D006D00A3 /* fdfaaf51f3deb48f3ae44973f01f3a292cf5788a.jpg in Resources */ = {isa = PBXBuildFile; fileRef = B0D3B6131CAAAD1D006D00A3 /* fdfaaf51f3deb48f3ae44973f01f3a292cf5788a.jpg */; };
		B0E9BEA61CA11DC600E0C3A5 /* main.m in Sources */ = {isa = PBXBuildFile; fileRef = B0E9BEA51CA11DC600E0C3A5 /* main.m */; };
		B0E9BEA91CA11DC600E0C3A5 /* AppDelegate.m in Sources */ = {isa = PBXBuildFile; fileRef = B0E9BEA81CA11DC600E0C3A5 /* AppDelegate.m */; };
		B0E9BEAC1CA11DC600E0C3A5 /* ViewController.m in Sources */ = {isa = PBXBuildFile; fileRef = B0E9BEAB1CA11DC600E0C3A5 /* ViewController.m */; };
		B0E9BEAF1CA11DC600E0C3A5 /* Main.storyboard in Resources */ = {isa = PBXBuildFile; fileRef = B0E9BEAD1CA11DC600E0C3A5 /* Main.storyboard */; };
		B0E9BEB11CA11DC600E0C3A5 /* Assets.xcassets in Resources */ = {isa = PBXBuildFile; fileRef = B0E9BEB01CA11DC600E0C3A5 /* Assets.xcassets */; };
		B0E9BED11CA11EA000E0C3A5 /* FirstLunchViewController.m in Sources */ = {isa = PBXBuildFile; fileRef = B0E9BECE1CA11EA000E0C3A5 /* FirstLunchViewController.m */; };
		B0E9BED21CA11EA000E0C3A5 /* LoginViewController.m in Sources */ = {isa = PBXBuildFile; fileRef = B0E9BED01CA11EA000E0C3A5 /* LoginViewController.m */; };
		B0EBBD2B1CA1216E009E276E /* BaseViewController.m in Sources */ = {isa = PBXBuildFile; fileRef = B0EBBD2A1CA1216E009E276E /* BaseViewController.m */; };
		B0EBBD3B1CA12BB1009E276E /* left_arrow@2x.png in Resources */ = {isa = PBXBuildFile; fileRef = B0EBBD371CA12BB1009E276E /* left_arrow@2x.png */; };
		B0EBBD3C1CA12BB1009E276E /* left_arrow@3x .png in Resources */ = {isa = PBXBuildFile; fileRef = B0EBBD381CA12BB1009E276E /* left_arrow@3x .png */; };
		B0EBBD3D1CA12BB1009E276E /* right_arrow@2x.png in Resources */ = {isa = PBXBuildFile; fileRef = B0EBBD391CA12BB1009E276E /* right_arrow@2x.png */; };
		B0EBBD3E1CA12BB1009E276E /* right_arrow@3x.png in Resources */ = {isa = PBXBuildFile; fileRef = B0EBBD3A1CA12BB1009E276E /* right_arrow@3x.png */; };
/* End PBXBuildFile section */

/* Begin PBXFileReference section */
		1B2AD0CB9436CE1AB6A1C8B5 /* Pods.debug.xcconfig */ = {isa = PBXFileReference; includeInIndex = 1; lastKnownFileType = text.xcconfig; name = Pods.debug.xcconfig; path = "Pods/Target Support Files/Pods/Pods.debug.xcconfig"; sourceTree = "<group>"; };
		65EFD5C0D8C2250DCF4654D6 /* Pods.release.xcconfig */ = {isa = PBXFileReference; includeInIndex = 1; lastKnownFileType = text.xcconfig; name = Pods.release.xcconfig; path = "Pods/Target Support Files/Pods/Pods.release.xcconfig"; sourceTree = "<group>"; };
		6E1834698B6A41E84F886CE5 /* libPods.a */ = {isa = PBXFileReference; explicitFileType = archive.ar; includeInIndex = 0; path = libPods.a; sourceTree = BUILT_PRODUCTS_DIR; };
		B046D1A11CAA4F7200551FEF /* 1.jpg */ = {isa = PBXFileReference; lastKnownFileType = image.jpeg; path = 1.jpg; sourceTree = "<group>"; };
		B046D1A21CAA4F7200551FEF /* 2.jpg */ = {isa = PBXFileReference; lastKnownFileType = image.jpeg; path = 2.jpg; sourceTree = "<group>"; };
		B046D1A31CAA4F7200551FEF /* 3.jpg */ = {isa = PBXFileReference; lastKnownFileType = image.jpeg; path = 3.jpg; sourceTree = "<group>"; };
		B046D1A41CAA4F7200551FEF /* 4.jpg */ = {isa = PBXFileReference; lastKnownFileType = image.jpeg; path = 4.jpg; sourceTree = "<group>"; };
		B046D1A51CAA4F7200551FEF /* 5.jpg */ = {isa = PBXFileReference; lastKnownFileType = image.jpeg; path = 5.jpg; sourceTree = "<group>"; };
		B046D1AB1CAA523100551FEF /* QuiteTableViewCell.h */ = {isa = PBXFileReference; fileEncoding = 4; lastKnownFileType = sourcecode.c.h; path = QuiteTableViewCell.h; sourceTree = "<group>"; };
		B046D1AC1CAA523100551FEF /* QuiteTableViewCell.m */ = {isa = PBXFileReference; fileEncoding = 4; lastKnownFileType = sourcecode.c.objc; path = QuiteTableViewCell.m; sourceTree = "<group>"; };
		B046D1AE1CAA54A200551FEF /* DesViewController.h */ = {isa = PBXFileReference; fileEncoding = 4; lastKnownFileType = sourcecode.c.h; path = DesViewController.h; sourceTree = "<group>"; };
		B046D1AF1CAA54A200551FEF /* DesViewController.m */ = {isa = PBXFileReference; fileEncoding = 4; lastKnownFileType = sourcecode.c.objc; path = DesViewController.m; sourceTree = "<group>"; };
		B046D1B11CAA5BC000551FEF /* MediaPlayer.framework */ = {isa = PBXFileReference; lastKnownFileType = wrapper.framework; name = MediaPlayer.framework; path = System/Library/Frameworks/MediaPlayer.framework; sourceTree = SDKROOT; };
		B046D1B31CAA5D5700551FEF /* AVFoundation.framework */ = {isa = PBXFileReference; lastKnownFileType = wrapper.framework; name = AVFoundation.framework; path = System/Library/Frameworks/AVFoundation.framework; sourceTree = SDKROOT; };
		B046D1B51CAA651200551FEF /* PlayerViewController.h */ = {isa = PBXFileReference; fileEncoding = 4; lastKnownFileType = sourcecode.c.h; path = PlayerViewController.h; sourceTree = "<group>"; };
		B046D1B61CAA651200551FEF /* PlayerViewController.m */ = {isa = PBXFileReference; fileEncoding = 4; lastKnownFileType = sourcecode.c.objc; path = PlayerViewController.m; sourceTree = "<group>"; };
		B079164B1CA26B0F00FC19F2 /* CircleScrollView.h */ = {isa = PBXFileReference; fileEncoding = 4; lastKnownFileType = sourcecode.c.h; path = CircleScrollView.h; sourceTree = "<group>"; };
		B079164C1CA26B0F00FC19F2 /* CircleScrollView.m */ = {isa = PBXFileReference; fileEncoding = 4; lastKnownFileType = sourcecode.c.objc; path = CircleScrollView.m; sourceTree = "<group>"; };
		B079164D1CA26B0F00FC19F2 /* ImageContentView.h */ = {isa = PBXFileReference; fileEncoding = 4; lastKnownFileType = sourcecode.c.h; path = ImageContentView.h; sourceTree = "<group>"; };
		B079164E1CA26B0F00FC19F2 /* ImageContentView.m */ = {isa = PBXFileReference; fileEncoding = 4; lastKnownFileType = sourcecode.c.objc; path = ImageContentView.m; sourceTree = "<group>"; };
		B07916521CA26F5D00FC19F2 /* XCTabBar.h */ = {isa = PBXFileReference; fileEncoding = 4; lastKnownFileType = sourcecode.c.h; path = XCTabBar.h; sourceTree = "<group>"; };
		B07916531CA26F5D00FC19F2 /* XCTabBar.m */ = {isa = PBXFileReference; fileEncoding = 4; lastKnownFileType = sourcecode.c.objc; path = XCTabBar.m; sourceTree = "<group>"; };
		B07916541CA26F5D00FC19F2 /* XCTabBarButton.h */ = {isa = PBXFileReference; fileEncoding = 4; lastKnownFileType = sourcecode.c.h; path = XCTabBarButton.h; sourceTree = "<group>"; };
		B07916551CA26F5D00FC19F2 /* XCTabBarButton.m */ = {isa = PBXFileReference; fileEncoding = 4; lastKnownFileType = sourcecode.c.objc; path = XCTabBarButton.m; sourceTree = "<group>"; };
		B07916581CA26F8A00FC19F2 /* UIView+Extension.h */ = {isa = PBXFileReference; fileEncoding = 4; lastKnownFileType = sourcecode.c.h; path = "UIView+Extension.h"; sourceTree = "<group>"; };
		B07916591CA26F8A00FC19F2 /* UIView+Extension.m */ = {isa = PBXFileReference; fileEncoding = 4; lastKnownFileType = sourcecode.c.objc; path = "UIView+Extension.m"; sourceTree = "<group>"; };
		B079165B1CA273D300FC19F2 /* MyView.h */ = {isa = PBXFileReference; fileEncoding = 4; lastKnownFileType = sourcecode.c.h; path = MyView.h; sourceTree = SOURCE_ROOT; };
		B079165C1CA273D300FC19F2 /* MyView.m */ = {isa = PBXFileReference; fileEncoding = 4; lastKnownFileType = sourcecode.c.objc; path = MyView.m; sourceTree = SOURCE_ROOT; };
		B07916621CA2745D00FC19F2 /* QuietViewController.h */ = {isa = PBXFileReference; fileEncoding = 4; lastKnownFileType = sourcecode.c.h; path = QuietViewController.h; sourceTree = "<group>"; };
		B07916631CA2745D00FC19F2 /* QuietViewController.m */ = {isa = PBXFileReference; fileEncoding = 4; lastKnownFileType = sourcecode.c.objc; path = QuietViewController.m; sourceTree = "<group>"; };
		B07916651CA2747800FC19F2 /* MoveViewController.h */ = {isa = PBXFileReference; fileEncoding = 4; lastKnownFileType = sourcecode.c.h; path = MoveViewController.h; sourceTree = "<group>"; };
		B07916661CA2747800FC19F2 /* MoveViewController.m */ = {isa = PBXFileReference; fileEncoding = 4; lastKnownFileType = sourcecode.c.objc; path = MoveViewController.m; sourceTree = "<group>"; };
		B07916701CA28ACE00FC19F2 /* HomePageViewController.h */ = {isa = PBXFileReference; fileEncoding = 4; lastKnownFileType = sourcecode.c.h; path = HomePageViewController.h; sourceTree = "<group>"; };
		B07916711CA28ACE00FC19F2 /* HomePageViewController.m */ = {isa = PBXFileReference; fileEncoding = 4; lastKnownFileType = sourcecode.c.objc; path = HomePageViewController.m; sourceTree = "<group>"; };
		B0D3B5E31CAA79D9006D00A3 /* CSS.css */ = {isa = PBXFileReference; fileEncoding = 4; lastKnownFileType = text.css; path = CSS.css; sourceTree = "<group>"; };
		B0D3B5E41CAA79D9006D00A3 /* Dev.html */ = {isa = PBXFileReference; fileEncoding = 4; lastKnownFileType = text.html; path = Dev.html; sourceTree = "<group>"; };
		B0D3B5E51CAA79D9006D00A3 /* QU.html */ = {isa = PBXFileReference; fileEncoding = 4; lastKnownFileType = text.html; path = QU.html; sourceTree = "<group>"; };
		B0D3B5E91CAA7A1B006D00A3 /* index.html */ = {isa = PBXFileReference; fileEncoding = 4; lastKnownFileType = text.html; path = index.html; sourceTree = "<group>"; };
		B0D3B5EB1CAA7AAC006D00A3 /* fazhan@2x.png */ = {isa = PBXFileReference; lastKnownFileType = image.png; path = "fazhan@2x.png"; sourceTree = "<group>"; };
		B0D3B5EC1CAA7AAC006D00A3 /* wenhua@2x.png */ = {isa = PBXFileReference; lastKnownFileType = image.png; path = "wenhua@2x.png"; sourceTree = "<group>"; };
		B0D3B5ED1CAA7AAC006D00A3 /* wenhuquan@2x.png */ = {isa = PBXFileReference; lastKnownFileType = image.png; path = "wenhuquan@2x.png"; sourceTree = "<group>"; };
		B0D3B5F41CAA7DFE006D00A3 /* caoshu.jpg */ = {isa = PBXFileReference; lastKnownFileType = image.jpeg; path = caoshu.jpg; sourceTree = "<group>"; };
		B0D3B5F51CAA7DFE006D00A3 /* dazhuan.jpg */ = {isa = PBXFileReference; lastKnownFileType = image.jpeg; path = dazhuan.jpg; sourceTree = "<group>"; };
		B0D3B5F61CAA7DFE006D00A3 /* jiaguwen.jpg */ = {isa = PBXFileReference; lastKnownFileType = image.jpeg; path = jiaguwen.jpg; sourceTree = "<group>"; };
		B0D3B5F71CAA7DFE006D00A3 /* jin.jpg */ = {isa = PBXFileReference; lastKnownFileType = image.jpeg; path = jin.jpg; sourceTree = "<group>"; };
		B0D3B5F81CAA7DFE006D00A3 /* kaishu.jpg */ = {isa = PBXFileReference; lastKnownFileType = image.jpeg; path = kaishu.jpg; sourceTree = "<group>"; };
		B0D3B5F91CAA7DFE006D00A3 /* lishu.jpg */ = {isa = PBXFileReference; lastKnownFileType = image.jpeg; path = lishu.jpg; sourceTree = "<group>"; };
		B0D3B5FA1CAA7DFE006D00A3 /* xiaozhuan.jpg */ = {isa = PBXFileReference; lastKnownFileType = image.jpeg; path = xiaozhuan.jpg; sourceTree = "<group>"; };
		B0D3B5FB1CAA7DFE006D00A3 /* xingshu.jpg */ = {isa = PBXFileReference; lastKnownFileType = image.jpeg; path = xingshu.jpg; sourceTree = "<group>"; };
		B0D3B6051CAAAD1D006D00A3 /* 201310091618335272002.jpg */ = {isa = PBXFileReference; lastKnownFileType = image.jpeg; path = 201310091618335272002.jpg; sourceTree = "<group>"; };
		B0D3B6061CAAAD1D006D00A3 /* 2315113440.png */ = {isa = PBXFileReference; lastKnownFileType = image.png; path = 2315113440.png; sourceTree = "<group>"; };
		B0D3B6071CAAAD1D006D00A3 /* 30_13165116886O41.jpg */ = {isa = PBXFileReference; lastKnownFileType = image.jpeg; path = 30_13165116886O41.jpg; sourceTree = "<group>"; };
		B0D3B6081CAAAD1D006D00A3 /* 3428083741359272775.jpg */ = {isa = PBXFileReference; lastKnownFileType = image.jpeg; path = 3428083741359272775.jpg; sourceTree = "<group>"; };
		B0D3B6091CAAAD1D006D00A3 /* 4506132902161028050.jpg */ = {isa = PBXFileReference; lastKnownFileType = image.jpeg; path = 4506132902161028050.jpg; sourceTree = "<group>"; };
		B0D3B60A1CAAAD1D006D00A3 /* 8616698_100231660000_2.jpg */ = {isa = PBXFileReference; lastKnownFileType = image.jpeg; path = 8616698_100231660000_2.jpg; sourceTree = "<group>"; };
		B0D3B60B1CAAAD1D006D00A3 /* DF3BCC4D5FF5C9FA082D088783E8083A.jpg */ = {isa = PBXFileReference; lastKnownFileType = image.jpeg; path = DF3BCC4D5FF5C9FA082D088783E8083A.jpg; sourceTree = "<group>"; };
		B0D3B60C1CAAAD1D006D00A3 /* HZWZ201206.jpg */ = {isa = PBXFileReference; lastKnownFileType = image.jpeg; path = HZWZ201206.jpg; sourceTree = "<group>"; };
		B0D3B60D1CAAAD1D006D00A3 /* U1756P52T4D134723F163DT20070417161636.jpg */ = {isa = PBXFileReference; lastKnownFileType = image.jpeg; path = U1756P52T4D134723F163DT20070417161636.jpg; sourceTree = "<group>"; };
		B0D3B60F1CAAAD1D006D00A3 /* 001Xd93Qgy6Wx8eDtqBcd&690.jpeg */ = {isa = PBXFileReference; lastKnownFileType = image.jpeg; path = "001Xd93Qgy6Wx8eDtqBcd&690.jpeg"; sourceTree = "<group>"; };
		B0D3B6101CAAAD1D006D00A3 /* 217878f0f736afc30ecc565db719ebc4b64512f8.jpg */ = {isa = PBXFileReference; lastKnownFileType = image.jpeg; path = 217878f0f736afc30ecc565db719ebc4b64512f8.jpg; sourceTree = "<group>"; };
		B0D3B6111CAAAD1D006D00A3 /* 8f11a5ec8a1363274d9ba4e2918fa0ec09fac73f.jpg */ = {isa = PBXFileReference; lastKnownFileType = image.jpeg; path = 8f11a5ec8a1363274d9ba4e2918fa0ec09fac73f.jpg; sourceTree = "<group>"; };
		B0D3B6121CAAAD1D006D00A3 /* d42a2834349b033b235e177715ce36d3d439bd4d.jpg */ = {isa = PBXFileReference; lastKnownFileType = image.jpeg; path = d42a2834349b033b235e177715ce36d3d439bd4d.jpg; sourceTree = "<group>"; };
		B0D3B6131CAAAD1D006D00A3 /* fdfaaf51f3deb48f3ae44973f01f3a292cf5788a.jpg */ = {isa = PBXFileReference; lastKnownFileType = image.jpeg; path = fdfaaf51f3deb48f3ae44973f01f3a292cf5788a.jpg; sourceTree = "<group>"; };
		B0E9BEA11CA11DC600E0C3A5 /* MyClassOver.app */ = {isa = PBXFileReference; explicitFileType = wrapper.application; includeInIndex = 0; path = MyClassOver.app; sourceTree = BUILT_PRODUCTS_DIR; };
		B0E9BEA51CA11DC600E0C3A5 /* main.m */ = {isa = PBXFileReference; lastKnownFileType = sourcecode.c.objc; path = main.m; sourceTree = "<group>"; };
		B0E9BEA71CA11DC600E0C3A5 /* AppDelegate.h */ = {isa = PBXFileReference; lastKnownFileType = sourcecode.c.h; path = AppDelegate.h; sourceTree = "<group>"; };
		B0E9BEA81CA11DC600E0C3A5 /* AppDelegate.m */ = {isa = PBXFileReference; lastKnownFileType = sourcecode.c.objc; path = AppDelegate.m; sourceTree = "<group>"; };
		B0E9BEAA1CA11DC600E0C3A5 /* ViewController.h */ = {isa = PBXFileReference; lastKnownFileType = sourcecode.c.h; path = ViewController.h; sourceTree = "<group>"; };
		B0E9BEAB1CA11DC600E0C3A5 /* ViewController.m */ = {isa = PBXFileReference; lastKnownFileType = sourcecode.c.objc; path = ViewController.m; sourceTree = "<group>"; };
		B0E9BEAE1CA11DC600E0C3A5 /* Base */ = {isa = PBXFileReference; lastKnownFileType = file.storyboard; name = Base; path = Base.lproj/Main.storyboard; sourceTree = "<group>"; };
		B0E9BEB01CA11DC600E0C3A5 /* Assets.xcassets */ = {isa = PBXFileReference; lastKnownFileType = folder.assetcatalog; path = Assets.xcassets; sourceTree = "<group>"; };
		B0E9BEB51CA11DC600E0C3A5 /* Info.plist */ = {isa = PBXFileReference; lastKnownFileType = text.plist.xml; path = Info.plist; sourceTree = "<group>"; };
		B0E9BECD1CA11EA000E0C3A5 /* FirstLunchViewController.h */ = {isa = PBXFileReference; fileEncoding = 4; lastKnownFileType = sourcecode.c.h; path = FirstLunchViewController.h; sourceTree = "<group>"; };
		B0E9BECE1CA11EA000E0C3A5 /* FirstLunchViewController.m */ = {isa = PBXFileReference; fileEncoding = 4; lastKnownFileType = sourcecode.c.objc; path = FirstLunchViewController.m; sourceTree = "<group>"; };
		B0E9BECF1CA11EA000E0C3A5 /* LoginViewController.h */ = {isa = PBXFileReference; fileEncoding = 4; lastKnownFileType = sourcecode.c.h; path = LoginViewController.h; sourceTree = "<group>"; };
		B0E9BED01CA11EA000E0C3A5 /* LoginViewController.m */ = {isa = PBXFileReference; fileEncoding = 4; lastKnownFileType = sourcecode.c.objc; path = LoginViewController.m; sourceTree = "<group>"; };
		B0EBBD291CA1216E009E276E /* BaseViewController.h */ = {isa = PBXFileReference; fileEncoding = 4; lastKnownFileType = sourcecode.c.h; path = BaseViewController.h; sourceTree = "<group>"; };
		B0EBBD2A1CA1216E009E276E /* BaseViewController.m */ = {isa = PBXFileReference; fileEncoding = 4; lastKnownFileType = sourcecode.c.objc; path = BaseViewController.m; sourceTree = "<group>"; };
		B0EBBD2C1CA12197009E276E /* MyClassOver-Prefix.pch */ = {isa = PBXFileReference; lastKnownFileType = sourcecode.c.h; path = "MyClassOver-Prefix.pch"; sourceTree = SOURCE_ROOT; };
		B0EBBD2D1CA1224D009E276E /* Contants.h */ = {isa = PBXFileReference; lastKnownFileType = sourcecode.c.h; path = Contants.h; sourceTree = "<group>"; };
		B0EBBD371CA12BB1009E276E /* left_arrow@2x.png */ = {isa = PBXFileReference; lastKnownFileType = image.png; path = "left_arrow@2x.png"; sourceTree = "<group>"; };
		B0EBBD381CA12BB1009E276E /* left_arrow@3x .png */ = {isa = PBXFileReference; lastKnownFileType = image.png; path = "left_arrow@3x .png"; sourceTree = "<group>"; };
		B0EBBD391CA12BB1009E276E /* right_arrow@2x.png */ = {isa = PBXFileReference; lastKnownFileType = image.png; path = "right_arrow@2x.png"; sourceTree = "<group>"; };
		B0EBBD3A1CA12BB1009E276E /* right_arrow@3x.png */ = {isa = PBXFileReference; lastKnownFileType = image.png; path = "right_arrow@3x.png"; sourceTree = "<group>"; };
/* End PBXFileReference section */

/* Begin PBXFrameworksBuildPhase section */
		B0E9BE9E1CA11DC600E0C3A5 /* Frameworks */ = {
			isa = PBXFrameworksBuildPhase;
			buildActionMask = 2147483647;
			files = (
				B046D1B41CAA5D5700551FEF /* AVFoundation.framework in Frameworks */,
				B046D1B21CAA5BC000551FEF /* MediaPlayer.framework in Frameworks */,
				776A1E6EB89767D618ADCE7E /* libPods.a in Frameworks */,
			);
			runOnlyForDeploymentPostprocessing = 0;
		};
/* End PBXFrameworksBuildPhase section */

/* Begin PBXGroup section */
		7D4545B5544C42C023052E53 /* Frameworks */ = {
			isa = PBXGroup;
			children = (
				B046D1B31CAA5D5700551FEF /* AVFoundation.framework */,
				B046D1B11CAA5BC000551FEF /* MediaPlayer.framework */,
				6E1834698B6A41E84F886CE5 /* libPods.a */,
			);
			name = Frameworks;
			sourceTree = "<group>";
		};
		B046D1A01CAA4F7200551FEF /* 滚动图 */ = {
			isa = PBXGroup;
			children = (
				B046D1A11CAA4F7200551FEF /* 1.jpg */,
				B046D1A21CAA4F7200551FEF /* 2.jpg */,
				B046D1A31CAA4F7200551FEF /* 3.jpg */,
				B046D1A41CAA4F7200551FEF /* 4.jpg */,
				B046D1A51CAA4F7200551FEF /* 5.jpg */,
			);
			path = "滚动图";
			sourceTree = "<group>";
		};
		B079164A1CA26B0F00FC19F2 /* ScrolleView */ = {
			isa = PBXGroup;
			children = (
				B079164B1CA26B0F00FC19F2 /* CircleScrollView.h */,
				B079164C1CA26B0F00FC19F2 /* CircleScrollView.m */,
				B079164D1CA26B0F00FC19F2 /* ImageContentView.h */,
				B079164E1CA26B0F00FC19F2 /* ImageContentView.m */,
			);
			path = ScrolleView;
			sourceTree = "<group>";
		};
		B07916511CA26F5D00FC19F2 /* Tab */ = {
			isa = PBXGroup;
			children = (
				B07916581CA26F8A00FC19F2 /* UIView+Extension.h */,
				B07916591CA26F8A00FC19F2 /* UIView+Extension.m */,
				B07916521CA26F5D00FC19F2 /* XCTabBar.h */,
				B07916531CA26F5D00FC19F2 /* XCTabBar.m */,
				B07916541CA26F5D00FC19F2 /* XCTabBarButton.h */,
				B07916551CA26F5D00FC19F2 /* XCTabBarButton.m */,
			);
			path = Tab;
			sourceTree = "<group>";
		};
		B079165E1CA2742300FC19F2 /* Mine */ = {
			isa = PBXGroup;
			children = (
				B079165F1CA2742300FC19F2 /* Model */,
				B07916601CA2742300FC19F2 /* View */,
				B07916611CA2742300FC19F2 /* ViewController */,
			);
			path = Mine;
			sourceTree = "<group>";
		};
		B079165F1CA2742300FC19F2 /* Model */ = {
			isa = PBXGroup;
			children = (
			);
			path = Model;
			sourceTree = "<group>";
		};
		B07916601CA2742300FC19F2 /* View */ = {
			isa = PBXGroup;
			children = (
				B046D1AB1CAA523100551FEF /* QuiteTableViewCell.h */,
				B046D1AC1CAA523100551FEF /* QuiteTableViewCell.m */,
			);
			path = View;
			sourceTree = "<group>";
		};
		B07916611CA2742300FC19F2 /* ViewController */ = {
			isa = PBXGroup;
			children = (
				B07916621CA2745D00FC19F2 /* QuietViewController.h */,
				B07916631CA2745D00FC19F2 /* QuietViewController.m */,
				B07916651CA2747800FC19F2 /* MoveViewController.h */,
				B07916661CA2747800FC19F2 /* MoveViewController.m */,
				B046D1AE1CAA54A200551FEF /* DesViewController.h */,
				B046D1AF1CAA54A200551FEF /* DesViewController.m */,
				B046D1B51CAA651200551FEF /* PlayerViewController.h */,
				B046D1B61CAA651200551FEF /* PlayerViewController.m */,
			);
			path = ViewController;
			sourceTree = "<group>";
		};
		B0D3B5E11CAA79D9006D00A3 /* my */ = {
			isa = PBXGroup;
			children = (
				B0D3B6041CAAAD1D006D00A3 /* dr */,
				B0D3B60E1CAAAD1D006D00A3 /* quan */,
				B0D3B5F31CAA7DFE006D00A3 /* devImag */,
				B0D3B5E91CAA7A1B006D00A3 /* index.html */,
				B0D3B5E21CAA79D9006D00A3 /* .idea */,
				B0D3B5E31CAA79D9006D00A3 /* CSS.css */,
				B0D3B5E41CAA79D9006D00A3 /* Dev.html */,
				B0D3B5E51CAA79D9006D00A3 /* QU.html */,
			);
			path = my;
			sourceTree = "<group>";
		};
		B0D3B5E21CAA79D9006D00A3 /* .idea */ = {
			isa = PBXGroup;
			children = (
			);
			path = .idea;
			sourceTree = "<group>";
		};
		B0D3B5F31CAA7DFE006D00A3 /* devImag */ = {
			isa = PBXGroup;
			children = (
				B0D3B5F41CAA7DFE006D00A3 /* caoshu.jpg */,
				B0D3B5F51CAA7DFE006D00A3 /* dazhuan.jpg */,
				B0D3B5F61CAA7DFE006D00A3 /* jiaguwen.jpg */,
				B0D3B5F71CAA7DFE006D00A3 /* jin.jpg */,
				B0D3B5F81CAA7DFE006D00A3 /* kaishu.jpg */,
				B0D3B5F91CAA7DFE006D00A3 /* lishu.jpg */,
				B0D3B5FA1CAA7DFE006D00A3 /* xiaozhuan.jpg */,
				B0D3B5FB1CAA7DFE006D00A3 /* xingshu.jpg */,
			);
			path = devImag;
			sourceTree = "<group>";
		};
		B0D3B6041CAAAD1D006D00A3 /* dr */ = {
			isa = PBXGroup;
			children = (
				B0D3B6051CAAAD1D006D00A3 /* 201310091618335272002.jpg */,
				B0D3B6061CAAAD1D006D00A3 /* 2315113440.png */,
				B0D3B6071CAAAD1D006D00A3 /* 30_13165116886O41.jpg */,
				B0D3B6081CAAAD1D006D00A3 /* 3428083741359272775.jpg */,
				B0D3B6091CAAAD1D006D00A3 /* 4506132902161028050.jpg */,
				B0D3B60A1CAAAD1D006D00A3 /* 8616698_100231660000_2.jpg */,
				B0D3B60B1CAAAD1D006D00A3 /* DF3BCC4D5FF5C9FA082D088783E8083A.jpg */,
				B0D3B60C1CAAAD1D006D00A3 /* HZWZ201206.jpg */,
				B0D3B60D1CAAAD1D006D00A3 /* U1756P52T4D134723F163DT20070417161636.jpg */,
			);
			path = dr;
			sourceTree = "<group>";
		};
		B0D3B60E1CAAAD1D006D00A3 /* quan */ = {
			isa = PBXGroup;
			children = (
				B0D3B60F1CAAAD1D006D00A3 /* 001Xd93Qgy6Wx8eDtqBcd&690.jpeg */,
				B0D3B6101CAAAD1D006D00A3 /* 217878f0f736afc30ecc565db719ebc4b64512f8.jpg */,
				B0D3B6111CAAAD1D006D00A3 /* 8f11a5ec8a1363274d9ba4e2918fa0ec09fac73f.jpg */,
				B0D3B6121CAAAD1D006D00A3 /* d42a2834349b033b235e177715ce36d3d439bd4d.jpg */,
				B0D3B6131CAAAD1D006D00A3 /* fdfaaf51f3deb48f3ae44973f01f3a292cf5788a.jpg */,
			);
			path = quan;
			sourceTree = "<group>";
		};
		B0E9BE981CA11DC600E0C3A5 = {
			isa = PBXGroup;
			children = (
				B0E9BEA31CA11DC600E0C3A5 /* MyClassOver */,
				B0E9BEA21CA11DC600E0C3A5 /* Products */,
				DA81135F44EDB116E4AE00B9 /* Pods */,
				7D4545B5544C42C023052E53 /* Frameworks */,
			);
			sourceTree = "<group>";
		};
		B0E9BEA21CA11DC600E0C3A5 /* Products */ = {
			isa = PBXGroup;
			children = (
				B0E9BEA11CA11DC600E0C3A5 /* MyClassOver.app */,
			);
			name = Products;
			sourceTree = "<group>";
		};
		B0E9BEA31CA11DC600E0C3A5 /* MyClassOver */ = {
			isa = PBXGroup;
			children = (
				B0D3B5E11CAA79D9006D00A3 /* my */,
				B079165E1CA2742300FC19F2 /* Mine */,
				B0EBBD2E1CA12A6D009E276E /* Mian */,
				B0E9BEC91CA11EA000E0C3A5 /* LoginAndRegist */,
				B0EBBD281CA1215E009E276E /* Tools */,
				B0EBBD351CA12BB1009E276E /* Resource */,
				B0E9BEA71CA11DC600E0C3A5 /* AppDelegate.h */,
				B0E9BEA81CA11DC600E0C3A5 /* AppDelegate.m */,
				B0E9BEAA1CA11DC600E0C3A5 /* ViewController.h */,
				B0E9BEAB1CA11DC600E0C3A5 /* ViewController.m */,
				B0E9BEAD1CA11DC600E0C3A5 /* Main.storyboard */,
				B0E9BEB01CA11DC600E0C3A5 /* Assets.xcassets */,
				B0E9BEB51CA11DC600E0C3A5 /* Info.plist */,
				B0E9BEA41CA11DC600E0C3A5 /* Supporting Files */,
			);
			path = MyClassOver;
			sourceTree = "<group>";
		};
		B0E9BEA41CA11DC600E0C3A5 /* Supporting Files */ = {
			isa = PBXGroup;
			children = (
				B0EBBD2C1CA12197009E276E /* MyClassOver-Prefix.pch */,
				B0E9BEA51CA11DC600E0C3A5 /* main.m */,
			);
			name = "Supporting Files";
			sourceTree = "<group>";
		};
		B0E9BEC91CA11EA000E0C3A5 /* LoginAndRegist */ = {
			isa = PBXGroup;
			children = (
				B0E9BECA1CA11EA000E0C3A5 /* Model */,
				B0E9BECB1CA11EA000E0C3A5 /* View */,
				B0E9BECC1CA11EA000E0C3A5 /* ViewController */,
			);
			path = LoginAndRegist;
			sourceTree = "<group>";
		};
		B0E9BECA1CA11EA000E0C3A5 /* Model */ = {
			isa = PBXGroup;
			children = (
			);
			path = Model;
			sourceTree = "<group>";
		};
		B0E9BECB1CA11EA000E0C3A5 /* View */ = {
			isa = PBXGroup;
			children = (
			);
			path = View;
			sourceTree = "<group>";
		};
		B0E9BECC1CA11EA000E0C3A5 /* ViewController */ = {
			isa = PBXGroup;
			children = (
				B0E9BECD1CA11EA000E0C3A5 /* FirstLunchViewController.h */,
				B0E9BECE1CA11EA000E0C3A5 /* FirstLunchViewController.m */,
				B0E9BECF1CA11EA000E0C3A5 /* LoginViewController.h */,
				B0E9BED01CA11EA000E0C3A5 /* LoginViewController.m */,
			);
			path = ViewController;
			sourceTree = "<group>";
		};
		B0EBBD281CA1215E009E276E /* Tools */ = {
			isa = PBXGroup;
			children = (
				B07916511CA26F5D00FC19F2 /* Tab */,
				B079164A1CA26B0F00FC19F2 /* ScrolleView */,
				B0EBBD291CA1216E009E276E /* BaseViewController.h */,
				B0EBBD2A1CA1216E009E276E /* BaseViewController.m */,
				B0EBBD2D1CA1224D009E276E /* Contants.h */,
			);
			path = Tools;
			sourceTree = "<group>";
		};
		B0EBBD2E1CA12A6D009E276E /* Mian */ = {
			isa = PBXGroup;
			children = (
				B0EBBD2F1CA12A6D009E276E /* Model */,
				B0EBBD301CA12A6D009E276E /* View */,
				B0EBBD311CA12A6D009E276E /* ViewController */,
			);
			path = Mian;
			sourceTree = "<group>";
		};
		B0EBBD2F1CA12A6D009E276E /* Model */ = {
			isa = PBXGroup;
			children = (
			);
			path = Model;
			sourceTree = "<group>";
		};
		B0EBBD301CA12A6D009E276E /* View */ = {
			isa = PBXGroup;
			children = (
				B079165B1CA273D300FC19F2 /* MyView.h */,
				B079165C1CA273D300FC19F2 /* MyView.m */,
			);
			path = View;
			sourceTree = "<group>";
		};
		B0EBBD311CA12A6D009E276E /* ViewController */ = {
			isa = PBXGroup;
			children = (
				B07916701CA28ACE00FC19F2 /* HomePageViewController.h */,
				B07916711CA28ACE00FC19F2 /* HomePageViewController.m */,
			);
			path = ViewController;
			sourceTree = "<group>";
		};
		B0EBBD351CA12BB1009E276E /* Resource */ = {
			isa = PBXGroup;
			children = (
				B046D1A01CAA4F7200551FEF /* 滚动图 */,
				B0EBBD361CA12BB1009E276E /* Public */,
			);
			path = Resource;
			sourceTree = "<group>";
		};
		B0EBBD361CA12BB1009E276E /* Public */ = {
			isa = PBXGroup;
			children = (
				B0D3B5EB1CAA7AAC006D00A3 /* fazhan@2x.png */,
				B0D3B5EC1CAA7AAC006D00A3 /* wenhua@2x.png */,
				B0D3B5ED1CAA7AAC006D00A3 /* wenhuquan@2x.png */,
				B0EBBD371CA12BB1009E276E /* left_arrow@2x.png */,
				B0EBBD381CA12BB1009E276E /* left_arrow@3x .png */,
				B0EBBD391CA12BB1009E276E /* right_arrow@2x.png */,
				B0EBBD3A1CA12BB1009E276E /* right_arrow@3x.png */,
			);
			path = Public;
			sourceTree = "<group>";
		};
		DA81135F44EDB116E4AE00B9 /* Pods */ = {
			isa = PBXGroup;
			children = (
				1B2AD0CB9436CE1AB6A1C8B5 /* Pods.debug.xcconfig */,
				65EFD5C0D8C2250DCF4654D6 /* Pods.release.xcconfig */,
			);
			name = Pods;
			sourceTree = "<group>";
		};
/* End PBXGroup section */

/* Begin PBXNativeTarget section */
		B0E9BEA01CA11DC600E0C3A5 /* MyClassOver */ = {
			isa = PBXNativeTarget;
			buildConfigurationList = B0E9BEB81CA11DC600E0C3A5 /* Build configuration list for PBXNativeTarget "MyClassOver" */;
			buildPhases = (
				FD26C4BF5B13DFEAA587CE1B /* Check Pods Manifest.lock */,
				B0E9BE9D1CA11DC600E0C3A5 /* Sources */,
				B0E9BE9E1CA11DC600E0C3A5 /* Frameworks */,
				B0E9BE9F1CA11DC600E0C3A5 /* Resources */,
				115D4D139F3C95A47B6AB614 /* Copy Pods Resources */,
			);
			buildRules = (
			);
			dependencies = (
			);
			name = MyClassOver;
			productName = MyClassOver;
			productReference = B0E9BEA11CA11DC600E0C3A5 /* MyClassOver.app */;
			productType = "com.apple.product-type.application";
		};
/* End PBXNativeTarget section */

/* Begin PBXProject section */
		B0E9BE991CA11DC600E0C3A5 /* Project object */ = {
			isa = PBXProject;
			attributes = {
				LastUpgradeCheck = 0720;
				ORGANIZATIONNAME = huihui;
				TargetAttributes = {
					B0E9BEA01CA11DC600E0C3A5 = {
						CreatedOnToolsVersion = 7.2;
						DevelopmentTeam = 9PL2874F5K;
					};
				};
			};
			buildConfigurationList = B0E9BE9C1CA11DC600E0C3A5 /* Build configuration list for PBXProject "MyClassOver" */;
			compatibilityVersion = "Xcode 3.2";
			developmentRegion = English;
			hasScannedForEncodings = 0;
			knownRegions = (
				en,
				Base,
			);
			mainGroup = B0E9BE981CA11DC600E0C3A5;
			productRefGroup = B0E9BEA21CA11DC600E0C3A5 /* Products */;
			projectDirPath = "";
			projectRoot = "";
			targets = (
				B0E9BEA01CA11DC600E0C3A5 /* MyClassOver */,
			);
		};
/* End PBXProject section */

/* Begin PBXResourcesBuildPhase section */
		B0E9BE9F1CA11DC600E0C3A5 /* Resources */ = {
			isa = PBXResourcesBuildPhase;
			buildActionMask = 2147483647;
			files = (
				B0D3B5EA1CAA7A1B006D00A3 /* index.html in Resources */,
				B046D1A71CAA4F7200551FEF /* 2.jpg in Resources */,
				B0D3B5EE1CAA7AAC006D00A3 /* fazhan@2x.png in Resources */,
				B0D3B5F01CAA7AAC006D00A3 /* wenhuquan@2x.png in Resources */,
				B0EBBD3E1CA12BB1009E276E /* right_arrow@3x.png in Resources */,
				B0D3B61F1CAAAD1D006D00A3 /* 8f11a5ec8a1363274d9ba4e2918fa0ec09fac73f.jpg in Resources */,
				B0E9BEB11CA11DC600E0C3A5 /* Assets.xcassets in Resources */,
				B0D3B6001CAA7DFE006D00A3 /* kaishu.jpg in Resources */,
				B0D3B5EF1CAA7AAC006D00A3 /* wenhua@2x.png in Resources */,
				B0D3B5E61CAA79D9006D00A3 /* CSS.css in Resources */,
				B0D3B5FF1CAA7DFE006D00A3 /* jin.jpg in Resources */,
				B0D3B5FD1CAA7DFE006D00A3 /* dazhuan.jpg in Resources */,
				B0D3B5FC1CAA7DFE006D00A3 /* caoshu.jpg in Resources */,
				B0D3B5E81CAA79D9006D00A3 /* QU.html in Resources */,
				B0D3B6181CAAAD1D006D00A3 /* 4506132902161028050.jpg in Resources */,
				B0D3B6211CAAAD1D006D00A3 /* fdfaaf51f3deb48f3ae44973f01f3a292cf5788a.jpg in Resources */,
				B046D1AA1CAA4F7200551FEF /* 5.jpg in Resources */,
				B0D3B6161CAAAD1D006D00A3 /* 30_13165116886O41.jpg in Resources */,
				B0D3B6191CAAAD1D006D00A3 /* 8616698_100231660000_2.jpg in Resources */,
				B046D1A91CAA4F7200551FEF /* 4.jpg in Resources */,
				B0D3B61D1CAAAD1D006D00A3 /* 001Xd93Qgy6Wx8eDtqBcd&690.jpeg in Resources */,
				B0D3B61A1CAAAD1D006D00A3 /* DF3BCC4D5FF5C9FA082D088783E8083A.jpg in Resources */,
				B0D3B5FE1CAA7DFE006D00A3 /* jiaguwen.jpg in Resources */,
				B0D3B6201CAAAD1D006D00A3 /* d42a2834349b033b235e177715ce36d3d439bd4d.jpg in Resources */,
				B0EBBD3D1CA12BB1009E276E /* right_arrow@2x.png in Resources */,
				B046D1A61CAA4F7200551FEF /* 1.jpg in Resources */,
				B0EBBD3C1CA12BB1009E276E /* left_arrow@3x .png in Resources */,
				B0D3B61C1CAAAD1D006D00A3 /* U1756P52T4D134723F163DT20070417161636.jpg in Resources */,
				B0D3B6171CAAAD1D006D00A3 /* 3428083741359272775.jpg in Resources */,
				B0D3B6151CAAAD1D006D00A3 /* 2315113440.png in Resources */,
				B0D3B6141CAAAD1D006D00A3 /* 201310091618335272002.jpg in Resources */,
				B046D1A81CAA4F7200551FEF /* 3.jpg in Resources */,
				B0E9BEAF1CA11DC600E0C3A5 /* Main.storyboard in Resources */,
				B0EBBD3B1CA12BB1009E276E /* left_arrow@2x.png in Resources */,
				B0D3B6031CAA7DFE006D00A3 /* xingshu.jpg in Resources */,
				B0D3B61B1CAAAD1D006D00A3 /* HZWZ201206.jpg in Resources */,
				B0D3B6011CAA7DFE006D00A3 /* lishu.jpg in Resources */,
				B0D3B61E1CAAAD1D006D00A3 /* 217878f0f736afc30ecc565db719ebc4b64512f8.jpg in Resources */,
				B0D3B5E71CAA79D9006D00A3 /* Dev.html in Resources */,
				B0D3B6021CAA7DFE006D00A3 /* xiaozhuan.jpg in Resources */,
			);
			runOnlyForDeploymentPostprocessing = 0;
		};
/* End PBXResourcesBuildPhase section */

/* Begin PBXShellScriptBuildPhase section */
		115D4D139F3C95A47B6AB614 /* Copy Pods Resources */ = {
			isa = PBXShellScriptBuildPhase;
			buildActionMask = 2147483647;
			files = (
			);
			inputPaths = (
			);
			name = "Copy Pods Resources";
			outputPaths = (
			);
			runOnlyForDeploymentPostprocessing = 0;
			shellPath = /bin/sh;
			shellScript = "\"${SRCROOT}/Pods/Target Support Files/Pods/Pods-resources.sh\"\n";
			showEnvVarsInLog = 0;
		};
		FD26C4BF5B13DFEAA587CE1B /* Check Pods Manifest.lock */ = {
			isa = PBXShellScriptBuildPhase;
			buildActionMask = 2147483647;
			files = (
			);
			inputPaths = (
			);
			name = "Check Pods Manifest.lock";
			outputPaths = (
			);
			runOnlyForDeploymentPostprocessing = 0;
			shellPath = /bin/sh;
			shellScript = "diff \"${PODS_ROOT}/../Podfile.lock\" \"${PODS_ROOT}/Manifest.lock\" > /dev/null\nif [[ $? != 0 ]] ; then\n    cat << EOM\nerror: The sandbox is not in sync with the Podfile.lock. Run 'pod install' or update your CocoaPods installation.\nEOM\n    exit 1\nfi\n";
			showEnvVarsInLog = 0;
		};
/* End PBXShellScriptBuildPhase section */

/* Begin PBXSourcesBuildPhase section */
		B0E9BE9D1CA11DC600E0C3A5 /* Sources */ = {
			isa = PBXSourcesBuildPhase;
			buildActionMask = 2147483647;
			files = (
				B0E9BEAC1CA11DC600E0C3A5 /* ViewController.m in Sources */,
				B079164F1CA26B0F00FC19F2 /* CircleScrollView.m in Sources */,
				B07916731CA28ACE00FC19F2 /* HomePageViewController.m in Sources */,
				B0EBBD2B1CA1216E009E276E /* BaseViewController.m in Sources */,
				B0E9BEA91CA11DC600E0C3A5 /* AppDelegate.m in Sources */,
				B07916561CA26F5D00FC19F2 /* XCTabBar.m in Sources */,
				B07916641CA2745D00FC19F2 /* QuietViewController.m in Sources */,
				B07916671CA2747800FC19F2 /* MoveViewController.m in Sources */,
				B046D1B01CAA54A200551FEF /* DesViewController.m in Sources */,
				B0E9BED11CA11EA000E0C3A5 /* FirstLunchViewController.m in Sources */,
				B079165A1CA26F8A00FC19F2 /* UIView+Extension.m in Sources */,
				B046D1AD1CAA523100551FEF /* QuiteTableViewCell.m in Sources */,
				B079165D1CA273D300FC19F2 /* MyView.m in Sources */,
				B07916501CA26B0F00FC19F2 /* ImageContentView.m in Sources */,
				B0E9BEA61CA11DC600E0C3A5 /* main.m in Sources */,
				B0E9BED21CA11EA000E0C3A5 /* LoginViewController.m in Sources */,
				B07916571CA26F5D00FC19F2 /* XCTabBarButton.m in Sources */,
				B046D1B71CAA651200551FEF /* PlayerViewController.m in Sources */,
			);
			runOnlyForDeploymentPostprocessing = 0;
		};
/* End PBXSourcesBuildPhase section */

/* Begin PBXVariantGroup section */
		B0E9BEAD1CA11DC600E0C3A5 /* Main.storyboard */ = {
			isa = PBXVariantGroup;
			children = (
				B0E9BEAE1CA11DC600E0C3A5 /* Base */,
			);
			name = Main.storyboard;
			sourceTree = "<group>";
		};
/* End PBXVariantGroup section */

/* Begin XCBuildConfiguration section */
		B0E9BEB61CA11DC600E0C3A5 /* Debug */ = {
			isa = XCBuildConfiguration;
			buildSettings = {
				ALWAYS_SEARCH_USER_PATHS = NO;
				CLANG_CXX_LANGUAGE_STANDARD = "gnu++0x";
				CLANG_CXX_LIBRARY = "libc++";
				CLANG_ENABLE_MODULES = YES;
				CLANG_ENABLE_OBJC_ARC = YES;
				CLANG_WARN_BOOL_CONVERSION = YES;
				CLANG_WARN_CONSTANT_CONVERSION = YES;
				CLANG_WARN_DIRECT_OBJC_ISA_USAGE = YES_ERROR;
				CLANG_WARN_EMPTY_BODY = YES;
				CLANG_WARN_ENUM_CONVERSION = YES;
				CLANG_WARN_INT_CONVERSION = YES;
				CLANG_WARN_OBJC_ROOT_CLASS = YES_ERROR;
				CLANG_WARN_UNREACHABLE_CODE = YES;
				CLANG_WARN__DUPLICATE_METHOD_MATCH = YES;
				"CODE_SIGN_IDENTITY[sdk=iphoneos*]" = "iPhone Developer";
				COPY_PHASE_STRIP = NO;
				DEBUG_INFORMATION_FORMAT = dwarf;
				ENABLE_STRICT_OBJC_MSGSEND = YES;
				ENABLE_TESTABILITY = YES;
				GCC_C_LANGUAGE_STANDARD = gnu99;
				GCC_DYNAMIC_NO_PIC = NO;
				GCC_NO_COMMON_BLOCKS = YES;
				GCC_OPTIMIZATION_LEVEL = 0;
				GCC_PREPROCESSOR_DEFINITIONS = (
					"DEBUG=1",
					"$(inherited)",
				);
				GCC_WARN_64_TO_32_BIT_CONVERSION = YES;
				GCC_WARN_ABOUT_RETURN_TYPE = YES_ERROR;
				GCC_WARN_UNDECLARED_SELECTOR = YES;
				GCC_WARN_UNINITIALIZED_AUTOS = YES_AGGRESSIVE;
				GCC_WARN_UNUSED_FUNCTION = YES;
				GCC_WARN_UNUSED_VARIABLE = YES;
				IPHONEOS_DEPLOYMENT_TARGET = 9.2;
				MTL_ENABLE_DEBUG_INFO = YES;
				ONLY_ACTIVE_ARCH = YES;
				SDKROOT = iphoneos;
				TARGETED_DEVICE_FAMILY = "1,2";
			};
			name = Debug;
		};
		B0E9BEB71CA11DC600E0C3A5 /* Release */ = {
			isa = XCBuildConfiguration;
			buildSettings = {
				ALWAYS_SEARCH_USER_PATHS = NO;
				CLANG_CXX_LANGUAGE_STANDARD = "gnu++0x";
				CLANG_CXX_LIBRARY = "libc++";
				CLANG_ENABLE_MODULES = YES;
				CLANG_ENABLE_OBJC_ARC = YES;
				CLANG_WARN_BOOL_CONVERSION = YES;
				CLANG_WARN_CONSTANT_CONVERSION = YES;
				CLANG_WARN_DIRECT_OBJC_ISA_USAGE = YES_ERROR;
				CLANG_WARN_EMPTY_BODY = YES;
				CLANG_WARN_ENUM_CONVERSION = YES;
				CLANG_WARN_INT_CONVERSION = YES;
				CLANG_WARN_OBJC_ROOT_CLASS = YES_ERROR;
				CLANG_WARN_UNREACHABLE_CODE = YES;
				CLANG_WARN__DUPLICATE_METHOD_MATCH = YES;
				"CODE_SIGN_IDENTITY[sdk=iphoneos*]" = "iPhone Developer";
				COPY_PHASE_STRIP = NO;
				DEBUG_INFORMATION_FORMAT = "dwarf-with-dsym";
				ENABLE_NS_ASSERTIONS = NO;
				ENABLE_STRICT_OBJC_MSGSEND = YES;
				GCC_C_LANGUAGE_STANDARD = gnu99;
				GCC_NO_COMMON_BLOCKS = YES;
				GCC_WARN_64_TO_32_BIT_CONVERSION = YES;
				GCC_WARN_ABOUT_RETURN_TYPE = YES_ERROR;
				GCC_WARN_UNDECLARED_SELECTOR = YES;
				GCC_WARN_UNINITIALIZED_AUTOS = YES_AGGRESSIVE;
				GCC_WARN_UNUSED_FUNCTION = YES;
				GCC_WARN_UNUSED_VARIABLE = YES;
				IPHONEOS_DEPLOYMENT_TARGET = 9.2;
				MTL_ENABLE_DEBUG_INFO = NO;
				SDKROOT = iphoneos;
				TARGETED_DEVICE_FAMILY = "1,2";
				VALIDATE_PRODUCT = YES;
			};
			name = Release;
		};
		B0E9BEB91CA11DC600E0C3A5 /* Debug */ = {
			isa = XCBuildConfiguration;
			baseConfigurationReference = 1B2AD0CB9436CE1AB6A1C8B5 /* Pods.debug.xcconfig */;
			buildSettings = {
				ASSETCATALOG_COMPILER_APPICON_NAME = AppIcon;
				ASSETCATALOG_COMPILER_LAUNCHIMAGE_NAME = LaunchImage;
				CODE_SIGN_IDENTITY = "iPhone Developer";
				"CODE_SIGN_IDENTITY[sdk=iphoneos*]" = "iPhone Developer";
				GCC_PREFIX_HEADER = "MyClassOver-Prefix.pch";
				INFOPLIST_FILE = MyClassOver/Info.plist;
				LD_RUNPATH_SEARCH_PATHS = "$(inherited) @executable_path/Frameworks";
				PRODUCT_BUNDLE_IDENTIFIER = huihui.MyClassOver.;
				PRODUCT_NAME = "$(TARGET_NAME)";
				PROVISIONING_PROFILE = "";
			};
			name = Debug;
		};
		B0E9BEBA1CA11DC600E0C3A5 /* Release */ = {
			isa = XCBuildConfiguration;
			baseConfigurationReference = 65EFD5C0D8C2250DCF4654D6 /* Pods.release.xcconfig */;
			buildSettings = {
				ASSETCATALOG_COMPILER_APPICON_NAME = AppIcon;
				ASSETCATALOG_COMPILER_LAUNCHIMAGE_NAME = LaunchImage;
				CODE_SIGN_IDENTITY = "iPhone Developer";
				"CODE_SIGN_IDENTITY[sdk=iphoneos*]" = "iPhone Developer";
				GCC_PREFIX_HEADER = "MyClassOver-Prefix.pch";
				INFOPLIST_FILE = MyClassOver/Info.plist;
				LD_RUNPATH_SEARCH_PATHS = "$(inherited) @executable_path/Frameworks";
				PRODUCT_BUNDLE_IDENTIFIER = huihui.MyClassOver.;
				PRODUCT_NAME = "$(TARGET_NAME)";
				PROVISIONING_PROFILE = "";
			};
			name = Release;
		};
/* End XCBuildConfiguration section */

/* Begin XCConfigurationList section */
		B0E9BE9C1CA11DC600E0C3A5 /* Build configuration list for PBXProject "MyClassOver" */ = {
			isa = XCConfigurationList;
			buildConfigurations = (
				B0E9BEB61CA11DC600E0C3A5 /* Debug */,
				B0E9BEB71CA11DC600E0C3A5 /* Release */,
			);
			defaultConfigurationIsVisible = 0;
			defaultConfigurationName = Release;
		};
		B0E9BEB81CA11DC600E0C3A5 /* Build configuration list for PBXNativeTarget "MyClassOver" */ = {
			isa = XCConfigurationList;
			buildConfigurations = (
				B0E9BEB91CA11DC600E0C3A5 /* Debug */,
				B0E9BEBA1CA11DC600E0C3A5 /* Release */,
			);
			defaultConfigurationIsVisible = 0;
			defaultConfigurationName = Release;
		};
/* End XCConfigurationList section */
	};
	rootObject = B0E9BE991CA11DC600E0C3A5 /* Project object */;
}
